
Microsoft Visual Studio Solution File, Format Version 12.00
# Visual Studio 15
VisualStudioVersion = 15.0.27130.2036
MinimumVisualStudioVersion = 10.0.40219.1
Project("{FAE04EC0-301F-11D3-BF4B-00C04F79EFBC}") = "Wolfenstein_Clone", "Wolfenstein_Clone.csproj", "{CC48DD15-19A5-477F-B385-875D14331ED5}"
EndProject
Global
	GlobalSection(SolutionConfigurationPlatforms) = preSolution
		Debug|Any CPU = Debug|Any CPU
		Release|Any CPU = Release|Any CPU
	EndGlobalSection
	GlobalSection(ProjectConfigurationPlatforms) = postSolution
		{CC48DD15-19A5-477F-B385-875D14331ED5}.Debug|Any CPU.ActiveCfg = Debug|Any CPU
		{CC48DD15-19A5-477F-B385-875D14331ED5}.Debug|Any CPU.Build.0 = Debug|Any CPU
		{CC48DD15-19A5-477F-B385-875D14331ED5}.Release|Any CPU.ActiveCfg = Release|Any CPU
		{CC48DD15-19A5-477F-B385-875D14331ED5}.Release|Any CPU.Build.0 = Release|Any CPU
	EndGlobalSection
	GlobalSection(SolutionProperties) = preSolution
		HideSolutionNode = FALSE
	EndGlobalSection
	GlobalSection(ExtensibilityGlobals) = postSolution
		SolutionGuid = {E4086724-AD6B-4259-B573-3878111214C4}
	EndGlobalSection
EndGlobal
